// !$*UTF8*$!
{
	archiveVersion = 1;
	classes = {
	};
	objectVersion = 48;
	objects = {

/* Begin PBXBuildFile section */
		D8CE32472044F96D000DE7FC /* AppDelegate.m in Sources */ = {isa = PBXBuildFile; fileRef = D8CE32462044F96D000DE7FC /* AppDelegate.m */; };
		D8CE324A2044F96D000DE7FC /* ViewController.m in Sources */ = {isa = PBXBuildFile; fileRef = D8CE32492044F96D000DE7FC /* ViewController.m */; };
		D8CE324D2044F96D000DE7FC /* Main.storyboard in Resources */ = {isa = PBXBuildFile; fileRef = D8CE324B2044F96D000DE7FC /* Main.storyboard */; };
		D8CE32502044F96D000DE7FC /* ScrollViewImageGalleries.xcdatamodeld in Sources */ = {isa = PBXBuildFile; fileRef = D8CE324E2044F96D000DE7FC /* ScrollViewImageGalleries.xcdatamodeld */; };
		D8CE32522044F96D000DE7FC /* Assets.xcassets in Resources */ = {isa = PBXBuildFile; fileRef = D8CE32512044F96D000DE7FC /* Assets.xcassets */; };
		D8CE32552044F96D000DE7FC /* LaunchScreen.storyboard in Resources */ = {isa = PBXBuildFile; fileRef = D8CE32532044F96D000DE7FC /* LaunchScreen.storyboard */; };
		D8CE32582044F96D000DE7FC /* main.m in Sources */ = {isa = PBXBuildFile; fileRef = D8CE32572044F96D000DE7FC /* main.m */; };
/* End PBXBuildFile section */

/* Begin PBXFileReference section */
		D8CE32422044F96D000DE7FC /* ScrollViewImageGalleries.app */ = {isa = PBXFileReference; explicitFileType = wrapper.application; includeInIndex = 0; path = ScrollViewImageGalleries.app; sourceTree = BUILT_PRODUCTS_DIR; };
		D8CE32452044F96D000DE7FC /* AppDelegate.h */ = {isa = PBXFileReference; lastKnownFileType = sourcecode.c.h; path = AppDelegate.h; sourceTree = "<group>"; };
		D8CE32462044F96D000DE7FC /* AppDelegate.m */ = {isa = PBXFileReference; lastKnownFileType = sourcecode.c.objc; path = AppDelegate.m; sourceTree = "<group>"; };
		D8CE32482044F96D000DE7FC /* ViewController.h */ = {isa = PBXFileReference; lastKnownFileType = sourcecode.c.h; path = ViewController.h; sourceTree = "<group>"; };
		D8CE32492044F96D000DE7FC /* ViewController.m */ = {isa = PBXFileReference; lastKnownFileType = sourcecode.c.objc; path = ViewController.m; sourceTree = "<group>"; };
		D8CE324C2044F96D000DE7FC /* Base */ = {isa = PBXFileReference; lastKnownFileType = file.storyboard; name = Base; path = Base.lproj/Main.storyboard; sourceTree = "<group>"; };
		D8CE324F2044F96D000DE7FC /* ScrollViewImageGalleries.xcdatamodel */ = {isa = PBXFileReference; lastKnownFileType = wrapper.xcdatamodel; path = ScrollViewImageGalleries.xcdatamodel; sourceTree = "<group>"; };
		D8CE32512044F96D000DE7FC /* Assets.xcassets */ = {isa = PBXFileReference; lastKnownFileType = folder.assetcatalog; path = Assets.xcassets; sourceTree = "<group>"; };
		D8CE32542044F96D000DE7FC /* Base */ = {isa = PBXFileReference; lastKnownFileType = file.storyboard; name = Base; path = Base.lproj/LaunchScreen.storyboard; sourceTree = "<group>"; };
		D8CE32562044F96D000DE7FC /* Info.plist */ = {isa = PBXFileReference; lastKnownFileType = text.plist.xml; path = Info.plist; sourceTree = "<group>"; };
		D8CE32572044F96D000DE7FC /* main.m */ = {isa = PBXFileReference; lastKnownFileType = sourcecode.c.objc; path = main.m; sourceTree = "<group>"; };
/* End PBXFileReference section */

/* Begin PBXFrameworksBuildPhase section */
		D8CE323F2044F96D000DE7FC /* Frameworks */ = {
			isa = PBXFrameworksBuildPhase;
			buildActionMask = 2147483647;
			files = (
			);
			runOnlyForDeploymentPostprocessing = 0;
		};
/* End PBXFrameworksBuildPhase section */

/* Begin PBXGroup section */
		D8CE32392044F96D000DE7FC = {
			isa = PBXGroup;
			children = (
				D8CE32442044F96D000DE7FC /* ScrollViewImageGalleries */,
				D8CE32432044F96D000DE7FC /* Products */,
			);
			sourceTree = "<group>";
		};
		D8CE32432044F96D000DE7FC /* Products */ = {
			isa = PBXGroup;
			children = (
				D8CE32422044F96D000DE7FC /* ScrollViewImageGalleries.app */,
			);
			name = Products;
			sourceTree = "<group>";
		};
		D8CE32442044F96D000DE7FC /* ScrollViewImageGalleries */ = {
			isa = PBXGroup;
			children = (
				D8CE32452044F96D000DE7FC /* AppDelegate.h */,
				D8CE32462044F96D000DE7FC /* AppDelegate.m */,
				D8CE32482044F96D000DE7FC /* ViewController.h */,
				D8CE32492044F96D000DE7FC /* ViewController.m */,
				D8CE324B2044F96D000DE7FC /* Main.storyboard */,
				D8CE32512044F96D000DE7FC /* Assets.xcassets */,
				D8CE32532044F96D000DE7FC /* LaunchScreen.storyboard */,
				D8CE32562044F96D000DE7FC /* Info.plist */,
				D8CE32572044F96D000DE7FC /* main.m */,
				D8CE324E2044F96D000DE7FC /* ScrollViewImageGalleries.xcdatamodeld */,
			);
			path = ScrollViewImageGalleries;
			sourceTree = "<group>";
		};
/* End PBXGroup section */

/* Begin PBXNativeTarget section */
		D8CE32412044F96D000DE7FC /* ScrollViewImageGalleries */ = {
			isa = PBXNativeTarget;
			buildConfigurationList = D8CE325B2044F96D000DE7FC /* Build configuration list for PBXNativeTarget "ScrollViewImageGalleries" */;
			buildPhases = (
				D8CE323E2044F96D000DE7FC /* Sources */,
				D8CE323F2044F96D000DE7FC /* Frameworks */,
				D8CE32402044F96D000DE7FC /* Resources */,
			);
			buildRules = (
			);
			dependencies = (
			);
			name = ScrollViewImageGalleries;
			productName = ScrollViewImageGalleries;
			productReference = D8CE32422044F96D000DE7FC /* ScrollViewImageGalleries.app */;
			productType = "com.apple.product-type.application";
		};
/* End PBXNativeTarget section */

/* Begin PBXProject section */
		D8CE323A2044F96D000DE7FC /* Project object */ = {
			isa = PBXProject;
			attributes = {
				LastUpgradeCheck = 0920;
				ORGANIZATIONNAME = "Nathan Hsu";
				TargetAttributes = {
					D8CE32412044F96D000DE7FC = {
						CreatedOnToolsVersion = 9.2;
						ProvisioningStyle = Automatic;
					};
				};
			};
			buildConfigurationList = D8CE323D2044F96D000DE7FC /* Build configuration list for PBXProject "ScrollViewImageGalleries" */;
			compatibilityVersion = "Xcode 8.0";
			developmentRegion = en;
			hasScannedForEncodings = 0;
			knownRegions = (
				en,
				Base,
			);
			mainGroup = D8CE32392044F96D000DE7FC;
			productRefGroup = D8CE32432044F96D000DE7FC /* Products */;
			projectDirPath = "";
			projectRoot = "";
			targets = (
				D8CE32412044F96D000DE7FC /* ScrollViewImageGalleries */,
			);
		};
/* End PBXProject section */

/* Begin PBXResourcesBuildPhase section */
		D8CE32402044F96D000DE7FC /* Resources */ = {
			isa = PBXResourcesBuildPhase;
			buildActionMask = 2147483647;
			files = (
				D8CE32552044F96D000DE7FC /* LaunchScreen.storyboard in Resources */,
				D8CE32522044F96D000DE7FC /* Assets.xcassets in Resources */,
				D8CE324D2044F96D000DE7FC /* Main.storyboard in Resources */,
			);
			runOnlyForDeploymentPostprocessing = 0;
		};
/* End PBXResourcesBuildPhase section */

/* Begin PBXSourcesBuildPhase section */
		D8CE323E2044F96D000DE7FC /* Sources */ = {
			isa = PBXSourcesBuildPhase;
			buildActionMask = 2147483647;
			files = (
				D8CE324A2044F96D000DE7FC /* ViewController.m in Sources */,
				D8CE32502044F96D000DE7FC /* ScrollViewImageGalleries.xcdatamodeld in Sources */,
				D8CE32582044F96D000DE7FC /* main.m in Sources */,
				D8CE32472044F96D000DE7FC /* AppDelegate.m in Sources */,
			);
			runOnlyForDeploymentPostprocessing = 0;
		};
/* End PBXSourcesBuildPhase section */

/* Begin PBXVariantGroup section */
		D8CE324B2044F96D000DE7FC /* Main.storyboard */ = {
			isa = PBXVariantGroup;
			children = (
				D8CE324C2044F96D000DE7FC /* Base */,
			);
			name = Main.storyboard;
			sourceTree = "<group>";
		};
		D8CE32532044F96D000DE7FC /* LaunchScreen.storyboard */ = {
			isa = PBXVariantGroup;
			children = (
				D8CE32542044F96D000DE7FC /* Base */,
			);
			name = LaunchScreen.storyboard;
			sourceTree = "<group>";
		};
/* End PBXVariantGroup section */

/* Begin XCBuildConfiguration section */
		D8CE32592044F96D000DE7FC /* Debug */ = {
			isa = XCBuildConfiguration;
			buildSettings = {
				ALWAYS_SEARCH_USER_PATHS = NO;
				CLANG_ANALYZER_NONNULL = YES;
				CLANG_ANALYZER_NUMBER_OBJECT_CONVERSION = YES_AGGRESSIVE;
				CLANG_CXX_LANGUAGE_STANDARD = "gnu++14";
				CLANG_CXX_LIBRARY = "libc++";
				CLANG_ENABLE_MODULES = YES;
				CLANG_ENABLE_OBJC_ARC = YES;
				CLANG_WARN_BLOCK_CAPTURE_AUTORELEASING = YES;
				CLANG_WARN_BOOL_CONVERSION = YES;
				CLANG_WARN_COMMA = YES;
				CLANG_WARN_CONSTANT_CONVERSION = YES;
				CLANG_WARN_DIRECT_OBJC_ISA_USAGE = YES_ERROR;
				CLANG_WARN_DOCUMENTATION_COMMENTS = YES;
				CLANG_WARN_EMPTY_BODY = YES;
				CLANG_WARN_ENUM_CONVERSION = YES;
				CLANG_WARN_INFINITE_RECURSION = YES;
				CLANG_WARN_INT_CONVERSION = YES;
				CLANG_WARN_NON_LITERAL_NULL_CONVERSION = YES;
				CLANG_WARN_OBJC_LITERAL_CONVERSION = YES;
				CLANG_WARN_OBJC_ROOT_CLASS = YES_ERROR;
				CLANG_WARN_RANGE_LOOP_ANALYSIS = YES;
				CLANG_WARN_STRICT_PROTOTYPES = YES;
				CLANG_WARN_SUSPICIOUS_MOVE = YES;
				CLANG_WARN_UNGUARDED_AVAILABILITY = YES_AGGRESSIVE;
				CLANG_WARN_UNREACHABLE_CODE = YES;
				CLANG_WARN__DUPLICATE_METHOD_MATCH = YES;
				CODE_SIGN_IDENTITY = "iPhone Developer";
				COPY_PHASE_STRIP = NO;
				DEBUG_INFORMATION_FORMAT = dwarf;
				ENABLE_STRICT_OBJC_MSGSEND = YES;
				ENABLE_TESTABILITY = YES;
				GCC_C_LANGUAGE_STANDARD = gnu11;
				GCC_DYNAMIC_NO_PIC = NO;
				GCC_NO_COMMON_BLOCKS = YES;
				GCC_OPTIMIZATION_LEVEL = 0;
				GCC_PREPROCESSOR_DEFINITIONS = (
					"DEBUG=1",
					"$(inherited)",
				);
				GCC_WARN_64_TO_32_BIT_CONVERSION = YES;
				GCC_WARN_ABOUT_RETURN_TYPE = YES_ERROR;
				GCC_WARN_UNDECLARED_SELECTOR = YES;
				GCC_WARN_UNINITIALIZED_AUTOS = YES_AGGRESSIVE;
				GCC_WARN_UNUSED_FUNCTION = YES;
				GCC_WARN_UNUSED_VARIABLE = YES;
				IPHONEOS_DEPLOYMENT_TARGET = 11.2;
				MTL_ENABLE_DEBUG_INFO = YES;
				ONLY_ACTIVE_ARCH = YES;
				SDKROOT = iphoneos;
			};
			name = Debug;
		};
		D8CE325A2044F96D000DE7FC /* Release */ = {
			isa = XCBuildConfiguration;
			buildSettings = {
				ALWAYS_SEARCH_USER_PATHS = NO;
				CLANG_ANALYZER_NONNULL = YES;
				CLANG_ANALYZER_NUMBER_OBJECT_CONVERSION = YES_AGGRESSIVE;
				CLANG_CXX_LANGUAGE_STANDARD = "gnu++14";
				CLANG_CXX_LIBRARY = "libc++";
				CLANG_ENABLE_MODULES = YES;
				CLANG_ENABLE_OBJC_ARC = YES;
				CLANG_WARN_BLOCK_CAPTURE_AUTORELEASING = YES;
				CLANG_WARN_BOOL_CONVERSION = YES;
				CLANG_WARN_COMMA = YES;
				CLANG_WARN_CONSTANT_CONVERSION = YES;
				CLANG_WARN_DIRECT_OBJC_ISA_USAGE = YES_ERROR;
				CLANG_WARN_DOCUMENTATION_COMMENTS = YES;
				CLANG_WARN_EMPTY_BODY = YES;
				CLANG_WARN_ENUM_CONVERSION = YES;
				CLANG_WARN_INFINITE_RECURSION = YES;
				CLANG_WARN_INT_CONVERSION = YES;
				CLANG_WARN_NON_LITERAL_NULL_CONVERSION = YES;
				CLANG_WARN_OBJC_LITERAL_CONVERSION = YES;
				CLANG_WARN_OBJC_ROOT_CLASS = YES_ERROR;
				CLANG_WARN_RANGE_LOOP_ANALYSIS = YES;
				CLANG_WARN_STRICT_PROTOTYPES = YES;
				CLANG_WARN_SUSPICIOUS_MOVE = YES;
				CLANG_WARN_UNGUARDED_AVAILABILITY = YES_AGGRESSIVE;
				CLANG_WARN_UNREACHABLE_CODE = YES;
				CLANG_WARN__DUPLICATE_METHOD_MATCH = YES;
				CODE_SIGN_IDENTITY = "iPhone Developer";
				COPY_PHASE_STRIP = NO;
				DEBUG_INFORMATION_FORMAT = "dwarf-with-dsym";
				ENABLE_NS_ASSERTIONS = NO;
				ENABLE_STRICT_OBJC_MSGSEND = YES;
				GCC_C_LANGUAGE_STANDARD = gnu11;
				GCC_NO_COMMON_BLOCKS = YES;
				GCC_WARN_64_TO_32_BIT_CONVERSION = YES;
				GCC_WARN_ABOUT_RETURN_TYPE = YES_ERROR;
				GCC_WARN_UNDECLARED_SELECTOR = YES;
				GCC_WARN_UNINITIALIZED_AUTOS = YES_AGGRESSIVE;
				GCC_WARN_UNUSED_FUNCTION = YES;
				GCC_WARN_UNUSED_VARIABLE = YES;
				IPHONEOS_DEPLOYMENT_TARGET = 11.2;
				MTL_ENABLE_DEBUG_INFO = NO;
				SDKROOT = iphoneos;
				VALIDATE_PRODUCT = YES;
			};
			name = Release;
		};
		D8CE325C2044F96D000DE7FC /* Debug */ = {
			isa = XCBuildConfiguration;
			buildSettings = {
				ASSETCATALOG_COMPILER_APPICON_NAME = AppIcon;
				CODE_SIGN_STYLE = Automatic;
				DEVELOPMENT_TEAM = 34PVCRW63B;
				INFOPLIST_FILE = ScrollViewImageGalleries/Info.plist;
				LD_RUNPATH_SEARCH_PATHS = "$(inherited) @executable_path/Frameworks";
				PRODUCT_BUNDLE_IDENTIFIER = Hsunami.ScrollViewImageGalleries;
				PRODUCT_NAME = "$(TARGET_NAME)";
				TARGETED_DEVICE_FAMILY = "1,2";
			};
			name = Debug;
		};
		D8CE325D2044F96D000DE7FC /* Release */ = {
			isa = XCBuildConfiguration;
			buildSettings = {
				ASSETCATALOG_COMPILER_APPICON_NAME = AppIcon;
				CODE_SIGN_STYLE = Automatic;
				DEVELOPMENT_TEAM = 34PVCRW63B;
				INFOPLIST_FILE = ScrollViewImageGalleries/Info.plist;
				LD_RUNPATH_SEARCH_PATHS = "$(inherited) @executable_path/Frameworks";
				PRODUCT_BUNDLE_IDENTIFIER = Hsunami.ScrollViewImageGalleries;
				PRODUCT_NAME = "$(TARGET_NAME)";
				TARGETED_DEVICE_FAMILY = "1,2";
			};
			name = Release;
		};
/* End XCBuildConfiguration section */

/* Begin XCConfigurationList section */
		D8CE323D2044F96D000DE7FC /* Build configuration list for PBXProject "ScrollViewImageGalleries" */ = {
			isa = XCConfigurationList;
			buildConfigurations = (
				D8CE32592044F96D000DE7FC /* Debug */,
				D8CE325A2044F96D000DE7FC /* Release */,
			);
			defaultConfigurationIsVisible = 0;
			defaultConfigurationName = Release;
		};
		D8CE325B2044F96D000DE7FC /* Build configuration list for PBXNativeTarget "ScrollViewImageGalleries" */ = {
			isa = XCConfigurationList;
			buildConfigurations = (
				D8CE325C2044F96D000DE7FC /* Debug */,
				D8CE325D2044F96D000DE7FC /* Release */,
			);
			defaultConfigurationIsVisible = 0;
			defaultConfigurationName = Release;
		};
/* End XCConfigurationList section */

/* Begin XCVersionGroup section */
		D8CE324E2044F96D000DE7FC /* ScrollViewImageGalleries.xcdatamodeld */ = {
			isa = XCVersionGroup;
			children = (
				D8CE324F2044F96D000DE7FC /* ScrollViewImageGalleries.xcdatamodel */,
			);
			currentVersion = D8CE324F2044F96D000DE7FC /* ScrollViewImageGalleries.xcdatamodel */;
			path = ScrollViewImageGalleries.xcdatamodeld;
			sourceTree = "<group>";
			versionGroupType = wrapper.xcdatamodel;
		};
/* End XCVersionGroup section */
	};
	rootObject = D8CE323A2044F96D000DE7FC /* Project object */;
}
